
Microsoft Visual Studio Solution File, Format Version 12.00
# Visual Studio Version 17
VisualStudioVersion = 17.2.32616.157
MinimumVisualStudioVersion = 10.0.40219.1
Project("{FAE04EC0-301F-11D3-BF4B-00C04F79EFBC}") = "GitHubOrgPolicy", "GitHubOrgPolicy.csproj", "{59291AFF-4BBE-47B8-BD09-58B771E13B54}"
EndProject
Global
	GlobalSection(SolutionConfigurationPlatforms) = preSolution
		Debug|Any CPU = Debug|Any CPU
		Release|Any CPU = Release|Any CPU
	EndGlobalSection
	GlobalSection(ProjectConfigurationPlatforms) = postSolution
		{59291AFF-4BBE-47B8-BD09-58B771E13B54}.Debug|Any CPU.ActiveCfg = Debug|Any CPU
		{59291AFF-4BBE-47B8-BD09-58B771E13B54}.Debug|Any CPU.Build.0 = Debug|Any CPU
		{59291AFF-4BBE-47B8-BD09-58B771E13B54}.Release|Any CPU.ActiveCfg = Release|Any CPU
		{59291AFF-4BBE-47B8-BD09-58B771E13B54}.Release|Any CPU.Build.0 = Release|Any CPU
	EndGlobalSection
	GlobalSection(SolutionProperties) = preSolution
		HideSolutionNode = FALSE
	EndGlobalSection
	GlobalSection(ExtensibilityGlobals) = postSolution
		SolutionGuid = {EF0DE981-0E82-4CC7-A51D-1EF01C6A3922}
	EndGlobalSection
EndGlobal
